
Microsoft Visual Studio Solution File, Format Version 12.00
# Visual Studio 15
VisualStudioVersion = 15.0.26430.15
MinimumVisualStudioVersion = 10.0.40219.1
Project("{2150E333-8FDC-42A3-9474-1A3956D46DE8}") = "src", "src", "{8016EBDF-3080-41D2-8864-756493FAE3D8}"
EndProject
Project("{2150E333-8FDC-42A3-9474-1A3956D46DE8}") = "samples", "samples", "{E05FA5CC-E386-42EB-BFD3-A72FE5E8F00F}"
EndProject
Project("{FAE04EC0-301F-11D3-BF4B-00C04F79EFBC}") = "Arch.FluentExcel", "src\Arch.FluentExcel.csproj", "{5ADDD29D-B3AF-4966-B730-5E5192D0E9DF}"
EndProject
Project("{FAE04EC0-301F-11D3-BF4B-00C04F79EFBC}") = "Arch.FluentExcel.Samples", "samples\Arch.FluentExcel.Samples.csproj", "{08DCA8C6-8AB5-4341-AB82-001EC59B9ACC}"
EndProject
Project("{2150E333-8FDC-42A3-9474-1A3956D46DE8}") = "Solution Items", "Solution Items", "{8BF2A404-4265-4765-89EA-E0642F142C4B}"
	ProjectSection(SolutionItems) = preProject
		README.md = README.md
	EndProjectSection
EndProject
Global
	GlobalSection(SolutionConfigurationPlatforms) = preSolution
		Debug|Any CPU = Debug|Any CPU
		Release|Any CPU = Release|Any CPU
	EndGlobalSection
	GlobalSection(ProjectConfigurationPlatforms) = postSolution
		{5ADDD29D-B3AF-4966-B730-5E5192D0E9DF}.Debug|Any CPU.ActiveCfg = Debug|Any CPU
		{5ADDD29D-B3AF-4966-B730-5E5192D0E9DF}.Debug|Any CPU.Build.0 = Debug|Any CPU
		{5ADDD29D-B3AF-4966-B730-5E5192D0E9DF}.Release|Any CPU.ActiveCfg = Release|Any CPU
		{5ADDD29D-B3AF-4966-B730-5E5192D0E9DF}.Release|Any CPU.Build.0 = Release|Any CPU
		{08DCA8C6-8AB5-4341-AB82-001EC59B9ACC}.Debug|Any CPU.ActiveCfg = Debug|Any CPU
		{08DCA8C6-8AB5-4341-AB82-001EC59B9ACC}.Debug|Any CPU.Build.0 = Debug|Any CPU
		{08DCA8C6-8AB5-4341-AB82-001EC59B9ACC}.Release|Any CPU.ActiveCfg = Release|Any CPU
		{08DCA8C6-8AB5-4341-AB82-001EC59B9ACC}.Release|Any CPU.Build.0 = Release|Any CPU
	EndGlobalSection
	GlobalSection(SolutionProperties) = preSolution
		HideSolutionNode = FALSE
	EndGlobalSection
	GlobalSection(NestedProjects) = preSolution
		{5ADDD29D-B3AF-4966-B730-5E5192D0E9DF} = {8016EBDF-3080-41D2-8864-756493FAE3D8}
		{08DCA8C6-8AB5-4341-AB82-001EC59B9ACC} = {E05FA5CC-E386-42EB-BFD3-A72FE5E8F00F}
	EndGlobalSection
EndGlobal
